
Microsoft Visual Studio Solution File, Format Version 12.00
# Visual Studio Version 17
VisualStudioVersion = 17.9.34607.119
MinimumVisualStudioVersion = 10.0.40219.1
Project("{FAE04EC0-301F-11D3-BF4B-00C04F79EFBC}") = "MaestrodeDetalleRSFG", "MaestrodeDetalleRSFG\MaestrodeDetalleRSFG.csproj", "{B6CD46CD-BCCC-4ADA-A79B-16F2AF5A6A95}"
EndProject
Global
	GlobalSection(SolutionConfigurationPlatforms) = preSolution
		Debug|Any CPU = Debug|Any CPU
		Release|Any CPU = Release|Any CPU
	EndGlobalSection
	GlobalSection(ProjectConfigurationPlatforms) = postSolution
		{B6CD46CD-BCCC-4ADA-A79B-16F2AF5A6A95}.Debug|Any CPU.ActiveCfg = Debug|Any CPU
		{B6CD46CD-BCCC-4ADA-A79B-16F2AF5A6A95}.Debug|Any CPU.Build.0 = Debug|Any CPU
		{B6CD46CD-BCCC-4ADA-A79B-16F2AF5A6A95}.Release|Any CPU.ActiveCfg = Release|Any CPU
		{B6CD46CD-BCCC-4ADA-A79B-16F2AF5A6A95}.Release|Any CPU.Build.0 = Release|Any CPU
	EndGlobalSection
	GlobalSection(SolutionProperties) = preSolution
		HideSolutionNode = FALSE
	EndGlobalSection
	GlobalSection(ExtensibilityGlobals) = postSolution
		SolutionGuid = {621F2880-CEE9-4630-A66C-83F3484E6E2B}
	EndGlobalSection
EndGlobal
